
Microsoft Visual Studio Solution File, Format Version 12.00
# Visual Studio 14
VisualStudioVersion = 14.0.25420.1
MinimumVisualStudioVersion = 10.0.40219.1
Project("{FAE04EC0-301F-11D3-BF4B-00C04F79EFBC}") = "SecretNet.Storage", "SecretNet.Storage\SecretNet.Storage.csproj", "{F714DDA5-881A-4FEB-902E-F6B9D8D854E6}"
EndProject
Project("{FAE04EC0-301F-11D3-BF4B-00C04F79EFBC}") = "SecretNet.Common", "SecretNet.Common\SecretNet.Common.csproj", "{DC4D1E0D-A3FB-4AC2-88A3-5C7BD9CCC6B9}"
EndProject
Project("{FAE04EC0-301F-11D3-BF4B-00C04F79EFBC}") = "SecretNet.UnitTests", "SecretNet.UnitTests\SecretNet.UnitTests.csproj", "{6C86148F-7E88-4255-97FD-4E7D2EED1738}"
EndProject
Global
	GlobalSection(SolutionConfigurationPlatforms) = preSolution
		Debug|Any CPU = Debug|Any CPU
		Release|Any CPU = Release|Any CPU
	EndGlobalSection
	GlobalSection(ProjectConfigurationPlatforms) = postSolution
		{F714DDA5-881A-4FEB-902E-F6B9D8D854E6}.Debug|Any CPU.ActiveCfg = Debug|Any CPU
		{F714DDA5-881A-4FEB-902E-F6B9D8D854E6}.Debug|Any CPU.Build.0 = Debug|Any CPU
		{F714DDA5-881A-4FEB-902E-F6B9D8D854E6}.Release|Any CPU.ActiveCfg = Release|Any CPU
		{F714DDA5-881A-4FEB-902E-F6B9D8D854E6}.Release|Any CPU.Build.0 = Release|Any CPU
		{DC4D1E0D-A3FB-4AC2-88A3-5C7BD9CCC6B9}.Debug|Any CPU.ActiveCfg = Debug|Any CPU
		{DC4D1E0D-A3FB-4AC2-88A3-5C7BD9CCC6B9}.Debug|Any CPU.Build.0 = Debug|Any CPU
		{DC4D1E0D-A3FB-4AC2-88A3-5C7BD9CCC6B9}.Release|Any CPU.ActiveCfg = Release|Any CPU
		{DC4D1E0D-A3FB-4AC2-88A3-5C7BD9CCC6B9}.Release|Any CPU.Build.0 = Release|Any CPU
		{6C86148F-7E88-4255-97FD-4E7D2EED1738}.Debug|Any CPU.ActiveCfg = Debug|Any CPU
		{6C86148F-7E88-4255-97FD-4E7D2EED1738}.Debug|Any CPU.Build.0 = Debug|Any CPU
		{6C86148F-7E88-4255-97FD-4E7D2EED1738}.Release|Any CPU.ActiveCfg = Release|Any CPU
		{6C86148F-7E88-4255-97FD-4E7D2EED1738}.Release|Any CPU.Build.0 = Release|Any CPU
	EndGlobalSection
	GlobalSection(SolutionProperties) = preSolution
		HideSolutionNode = FALSE
	EndGlobalSection
EndGlobal
